lockfileVersion: '9.0'

settings:
  autoInstallPeers: true
  excludeLinksFromLockfile: false

importers:

  .:
    dependencies:
      js-yaml:
        specifier: ^4.1.0
        version: 4.1.0
      tiktoken-node:
        specifier: ^0.0.7
        version: 0.0.7
      uuid:
        specifier: ^10.0.0
        version: 10.0.0
    devDependencies:
      '@edupro/types':
        specifier: github:EduProAi/edupro-types
        version: git+https://git@github.com:EduProAi/edupro-types.git#8bbcb381a5ac474a1debd6f52cf5496449f06bc2
      '@types/js-yaml':
        specifier: ^4.0.9
        version: 4.0.9
      '@types/uuid':
        specifier: ^10.0.0
        version: 10.0.0

packages:

  '@edupro/types@git+https://git@github.com:EduProAi/edupro-types.git#8bbcb381a5ac474a1debd6f52cf5496449f06bc2':
    resolution: {commit: 8bbcb381a5ac474a1debd6f52cf5496449f06bc2, repo: git@github.com:EduProAi/edupro-types.git, type: git}
    version: 1.0.0

  '@types/js-yaml@4.0.9':
    resolution: {integrity: sha512-k4MGaQl5TGo/iipqb2UDG2UwjXziSWkh0uysQelTlJpX1qGlpUZYm8PnO4DxG1qBomtJUdYJ6qR6xdIah10JLg==}

  '@types/uuid@10.0.0':
    resolution: {integrity: sha512-7gqG38EyHgyP1S+7+xomFtL+ZNHcKv6DwNaCZmJmo1vgMugyF3TCnXVg4t1uk89mLNwnLtnY3TpOpCOyp1/xHQ==}

  argparse@2.0.1:
    resolution: {integrity: sha512-8+9WqebbFzpX9OR+Wa6O29asIogeRMzcGtAINdpMHHyAg10f05aSFVBbcEqGf/PXw1EjAZ+q2/bEBg3DvurK3Q==}

  js-yaml@4.1.0:
    resolution: {integrity: sha512-wpxZs9NoxZaJESJGIZTyDEaYpl0FKSA+FB9aJiyemKhMwkxQg63h4T1KJgUGHpTqPDNRcmmYLugrRjJlBtWvRA==}
    hasBin: true

  module-alias@2.2.3:
    resolution: {integrity: sha512-23g5BFj4zdQL/b6tor7Ji+QY4pEfNH784BMslY9Qb0UnJWRAt+lQGLYmRaM0KDBwIG23ffEBELhZDP2rhi9f/Q==}

  tiktoken-node@0.0.7:
    resolution: {integrity: sha512-eYtUh1jDLl7TXLj7HXujP+3IPkDieMl1G1HUsG52rysc91YoNw9IIeR4kNoISsc29mk+JDKQ7jEVRN07VOzaDQ==}
    engines: {node: '>= 14'}

  uuid@10.0.0:
    resolution: {integrity: sha512-8XkAphELsDnEGrDxUOHB3RGvXz6TeuYSGEZBOjtTtPm2lwhGBjLgOzLHB63IUWfBpNucQjND6d3AOudO+H3RWQ==}
    hasBin: true

snapshots:

  '@edupro/types@git+https://git@github.com:EduProAi/edupro-types.git#8bbcb381a5ac474a1debd6f52cf5496449f06bc2':
    dependencies:
      module-alias: 2.2.3

  '@types/js-yaml@4.0.9': {}

  '@types/uuid@10.0.0': {}

  argparse@2.0.1: {}

  js-yaml@4.1.0:
    dependencies:
      argparse: 2.0.1

  module-alias@2.2.3: {}

  tiktoken-node@0.0.7: {}

  uuid@10.0.0: {}
