# This file is generated by running "yarn install" inside your project.
# Manual changes might be lost - proceed with caution!

__metadata:
  version: 8
  cacheKey: 10c0

"@edupro/common@workspace:.":
  version: 0.0.0-use.local
  resolution: "@edupro/common@workspace:."
  dependencies:
    "@edupro/types": "github:EduProAi/edupro-types"
    "@types/js-yaml": "npm:^4.0.9"
    "@types/uuid": "npm:^10.0.0"
    js-tiktoken: "npm:^1.0.12"
    js-yaml: "npm:^4.1.0"
    uuid: "npm:^10.0.0"
    words-count: "npm:^2.0.2"
  languageName: unknown
  linkType: soft

"@edupro/types@github:EduProAi/edupro-types":
  version: 2.0.0
  resolution: "@edupro/types@https://github.com/EduProAi/edupro-types.git#commit=41134df94d590ff787a18e7a99c5ef6b4700fd38"
  dependencies:
    module-alias: "npm:^2.2.3"
  checksum: 10c0/68ba25e6dde854a8630ec1a44ab0984119f8531a8d82029c5776a32b3a59ac2f0814b86d563d3074c0cfbb219a8b7ddf75bf6f4e69e226e6394f4338eb4ab43f
  languageName: node
  linkType: hard

"@types/js-yaml@npm:^4.0.9":
  version: 4.0.9
  resolution: "@types/js-yaml@npm:4.0.9"
  checksum: 10c0/24de857aa8d61526bbfbbaa383aa538283ad17363fcd5bb5148e2c7f604547db36646440e739d78241ed008702a8920665d1add5618687b6743858fae00da211
  languageName: node
  linkType: hard

"@types/uuid@npm:^10.0.0":
  version: 10.0.0
  resolution: "@types/uuid@npm:10.0.0"
  checksum: 10c0/9a1404bf287164481cb9b97f6bb638f78f955be57c40c6513b7655160beb29df6f84c915aaf4089a1559c216557dc4d2f79b48d978742d3ae10b937420ddac60
  languageName: node
  linkType: hard

"argparse@npm:^2.0.1":
  version: 2.0.1
  resolution: "argparse@npm:2.0.1"
  checksum: 10c0/c5640c2d89045371c7cedd6a70212a04e360fd34d6edeae32f6952c63949e3525ea77dbec0289d8213a99bbaeab5abfa860b5c12cf88a2e6cf8106e90dd27a7e
  languageName: node
  linkType: hard

"base64-js@npm:^1.5.1":
  version: 1.5.1
  resolution: "base64-js@npm:1.5.1"
  checksum: 10c0/f23823513b63173a001030fae4f2dabe283b99a9d324ade3ad3d148e218134676f1ee8568c877cd79ec1c53158dcf2d2ba527a97c606618928ba99dd930102bf
  languageName: node
  linkType: hard

"js-tiktoken@npm:^1.0.12":
  version: 1.0.12
  resolution: "js-tiktoken@npm:1.0.12"
  dependencies:
    base64-js: "npm:^1.5.1"
  checksum: 10c0/7afb4826e21342386a1884754fbc1c1828f948c4dd0ab093bf778d1323e65343bd5343d15f7cda46af396f1fe4a0297739936149b7c40a0601eefe3fcaef8727
  languageName: node
  linkType: hard

"js-yaml@npm:^4.1.0":
  version: 4.1.0
  resolution: "js-yaml@npm:4.1.0"
  dependencies:
    argparse: "npm:^2.0.1"
  bin:
    js-yaml: bin/js-yaml.js
  checksum: 10c0/184a24b4eaacfce40ad9074c64fd42ac83cf74d8c8cd137718d456ced75051229e5061b8633c3366b8aada17945a7a356b337828c19da92b51ae62126575018f
  languageName: node
  linkType: hard

"module-alias@npm:^2.2.3":
  version: 2.2.3
  resolution: "module-alias@npm:2.2.3"
  checksum: 10c0/47dc5b6d04f6e7df0ff330ca9b2a37c688a682ed661e9432b0b327e1e6c43eedad052151b8d50d6beea8b924828d2a92fa4625c18d651bf2d93d8f03aa0172fa
  languageName: node
  linkType: hard

"uuid@npm:^10.0.0":
  version: 10.0.0
  resolution: "uuid@npm:10.0.0"
  bin:
    uuid: dist/bin/uuid
  checksum: 10c0/eab18c27fe4ab9fb9709a5d5f40119b45f2ec8314f8d4cf12ce27e4c6f4ffa4a6321dc7db6c515068fa373c075b49691ba969f0010bf37f44c37ca40cd6bf7fe
  languageName: node
  linkType: hard

"words-count@npm:^2.0.2":
  version: 2.0.2
  resolution: "words-count@npm:2.0.2"
  checksum: 10c0/e8a7aab1a6558761fdeb41ddf76ef184c55bbb7a53794e75d80b760ef175e9c31f739ec45bb468d7a818cfcceee1768e637d0f896024fff9953f0aba2b42c544
  languageName: node
  linkType: hard
